
Microsoft Visual Studio Solution File, Format Version 12.00
# Visual Studio 15
VisualStudioVersion = 15.0.27428.2015
MinimumVisualStudioVersion = 10.0.40219.1
Project("{8BC9CEB8-8B4A-11D0-8D11-00A0C91BC942}") = "Functions", "Functions\Functions.vcxproj", "{801CC6FA-8BC5-4498-9252-B08762183FAF}"
EndProject
Global
	GlobalSection(SolutionConfigurationPlatforms) = preSolution
		Debug|x64 = Debug|x64
		Debug|x86 = Debug|x86
		Release|x64 = Release|x64
		Release|x86 = Release|x86
	EndGlobalSection
	GlobalSection(ProjectConfigurationPlatforms) = postSolution
		{801CC6FA-8BC5-4498-9252-B08762183FAF}.Debug|x64.ActiveCfg = Debug|x64
		{801CC6FA-8BC5-4498-9252-B08762183FAF}.Debug|x64.Build.0 = Debug|x64
		{801CC6FA-8BC5-4498-9252-B08762183FAF}.Debug|x86.ActiveCfg = Debug|Win32
		{801CC6FA-8BC5-4498-9252-B08762183FAF}.Debug|x86.Build.0 = Debug|Win32
		{801CC6FA-8BC5-4498-9252-B08762183FAF}.Release|x64.ActiveCfg = Release|x64
		{801CC6FA-8BC5-4498-9252-B08762183FAF}.Release|x64.Build.0 = Release|x64
		{801CC6FA-8BC5-4498-9252-B08762183FAF}.Release|x86.ActiveCfg = Release|Win32
		{801CC6FA-8BC5-4498-9252-B08762183FAF}.Release|x86.Build.0 = Release|Win32
	EndGlobalSection
	GlobalSection(SolutionProperties) = preSolution
		HideSolutionNode = FALSE
	EndGlobalSection
	GlobalSection(ExtensibilityGlobals) = postSolution
		SolutionGuid = {8E1EE6F6-5FCA-406A-9659-C52E48A132E2}
	EndGlobalSection
EndGlobal
